
Microsoft Visual Studio Solution File, Format Version 12.00
# Visual Studio Version 17
VisualStudioVersion = 17.0.32014.148
MinimumVisualStudioVersion = 10.0.40219.1
Project("{2150E333-8FDC-42A3-9474-1A3956D46DE8}") = "Domain", "Domain", "{A2921716-BF3F-4193-B547-1B14ED376BB7}"
EndProject
Project("{2150E333-8FDC-42A3-9474-1A3956D46DE8}") = "Infrastructure", "Infrastructure", "{EE8955B8-4211-4490-AE86-CD6D0529D8CA}"
EndProject
Project("{2150E333-8FDC-42A3-9474-1A3956D46DE8}") = "Libs", "Libs", "{4AAED2D6-E7C4-4122-9B3A-9CB6AFACB0E2}"
EndProject
Project("{2150E333-8FDC-42A3-9474-1A3956D46DE8}") = "Apps", "Apps", "{CF03CF67-3220-4CFF-B595-8EA9367D15EF}"
EndProject
Project("{9A19103F-16F7-4668-BE54-9A1E7A4F7556}") = "WebApi", "WebApi\WebApi.csproj", "{E051C796-DD31-41EE-AA3C-539DCC5E1109}"
EndProject
Project("{9A19103F-16F7-4668-BE54-9A1E7A4F7556}") = "WebApi.Test", "WebApi.Test\WebApi.Test.csproj", "{E7EBE905-BE1D-4EDD-9343-318AEF8AD4E2}"
EndProject
Project("{9A19103F-16F7-4668-BE54-9A1E7A4F7556}") = "Models", "Models\Models.csproj", "{0492EF7A-073F-49DB-9FE3-7122C39EC083}"
EndProject
Project("{9A19103F-16F7-4668-BE54-9A1E7A4F7556}") = "Domain", "Domain\Domain.csproj", "{183E7448-3217-4EA2-9BDE-C4214FFB9BC2}"
EndProject
Project("{9A19103F-16F7-4668-BE54-9A1E7A4F7556}") = "Domain.Test", "Domain.Test\Domain.Test.csproj", "{D43E56E7-9C25-4F22-83C7-8A2932231C9F}"
EndProject
Project("{9A19103F-16F7-4668-BE54-9A1E7A4F7556}") = "Models.Test", "Models.Test\Models.Test.csproj", "{2CCB83DD-0405-4FA2-9061-0B0F0A7257AC}"
EndProject
Project("{9A19103F-16F7-4668-BE54-9A1E7A4F7556}") = "Database", "Database\Database.csproj", "{60E48B32-A239-417A-B0A3-C2B9CDCC5BD2}"
EndProject
Project("{9A19103F-16F7-4668-BE54-9A1E7A4F7556}") = "Utils", "Utils\Utils.csproj", "{BE9C6E79-FAA3-44CE-BB90-0ECFE4115360}"
EndProject
Project("{9A19103F-16F7-4668-BE54-9A1E7A4F7556}") = "Utils.Test", "Utils.Test\Utils.Test.csproj", "{DFD4A741-611B-4CE9-8216-291E2BC27FF4}"
EndProject
Project("{9A19103F-16F7-4668-BE54-9A1E7A4F7556}") = "TestUtils", "TestUtils\TestUtils.csproj", "{ABD8E2B0-E411-42F7-ADED-1E6BD77142D1}"
EndProject
Project("{FAE04EC0-301F-11D3-BF4B-00C04F79EFBC}") = "Database.Tests", "Database.Tests\Database.Tests.csproj", "{8492BBC1-BB14-4FE3-9FBA-CD9F86D40079}"
EndProject
Global
	GlobalSection(SolutionConfigurationPlatforms) = preSolution
		Debug|Any CPU = Debug|Any CPU
		Release|Any CPU = Release|Any CPU
	EndGlobalSection
	GlobalSection(ProjectConfigurationPlatforms) = postSolution
		{E051C796-DD31-41EE-AA3C-539DCC5E1109}.Debug|Any CPU.ActiveCfg = Debug|Any CPU
		{E051C796-DD31-41EE-AA3C-539DCC5E1109}.Debug|Any CPU.Build.0 = Debug|Any CPU
		{E051C796-DD31-41EE-AA3C-539DCC5E1109}.Release|Any CPU.ActiveCfg = Release|Any CPU
		{E051C796-DD31-41EE-AA3C-539DCC5E1109}.Release|Any CPU.Build.0 = Release|Any CPU
		{E7EBE905-BE1D-4EDD-9343-318AEF8AD4E2}.Debug|Any CPU.ActiveCfg = Debug|Any CPU
		{E7EBE905-BE1D-4EDD-9343-318AEF8AD4E2}.Debug|Any CPU.Build.0 = Debug|Any CPU
		{E7EBE905-BE1D-4EDD-9343-318AEF8AD4E2}.Release|Any CPU.ActiveCfg = Release|Any CPU
		{E7EBE905-BE1D-4EDD-9343-318AEF8AD4E2}.Release|Any CPU.Build.0 = Release|Any CPU
		{0492EF7A-073F-49DB-9FE3-7122C39EC083}.Debug|Any CPU.ActiveCfg = Debug|Any CPU
		{0492EF7A-073F-49DB-9FE3-7122C39EC083}.Debug|Any CPU.Build.0 = Debug|Any CPU
		{0492EF7A-073F-49DB-9FE3-7122C39EC083}.Release|Any CPU.ActiveCfg = Release|Any CPU
		{0492EF7A-073F-49DB-9FE3-7122C39EC083}.Release|Any CPU.Build.0 = Release|Any CPU
		{183E7448-3217-4EA2-9BDE-C4214FFB9BC2}.Debug|Any CPU.ActiveCfg = Debug|Any CPU
		{183E7448-3217-4EA2-9BDE-C4214FFB9BC2}.Debug|Any CPU.Build.0 = Debug|Any CPU
		{183E7448-3217-4EA2-9BDE-C4214FFB9BC2}.Release|Any CPU.ActiveCfg = Release|Any CPU
		{183E7448-3217-4EA2-9BDE-C4214FFB9BC2}.Release|Any CPU.Build.0 = Release|Any CPU
		{D43E56E7-9C25-4F22-83C7-8A2932231C9F}.Debug|Any CPU.ActiveCfg = Debug|Any CPU
		{D43E56E7-9C25-4F22-83C7-8A2932231C9F}.Debug|Any CPU.Build.0 = Debug|Any CPU
		{D43E56E7-9C25-4F22-83C7-8A2932231C9F}.Release|Any CPU.ActiveCfg = Release|Any CPU
		{D43E56E7-9C25-4F22-83C7-8A2932231C9F}.Release|Any CPU.Build.0 = Release|Any CPU
		{2CCB83DD-0405-4FA2-9061-0B0F0A7257AC}.Debug|Any CPU.ActiveCfg = Debug|Any CPU
		{2CCB83DD-0405-4FA2-9061-0B0F0A7257AC}.Debug|Any CPU.Build.0 = Debug|Any CPU
		{2CCB83DD-0405-4FA2-9061-0B0F0A7257AC}.Release|Any CPU.ActiveCfg = Release|Any CPU
		{2CCB83DD-0405-4FA2-9061-0B0F0A7257AC}.Release|Any CPU.Build.0 = Release|Any CPU
		{60E48B32-A239-417A-B0A3-C2B9CDCC5BD2}.Debug|Any CPU.ActiveCfg = Debug|Any CPU
		{60E48B32-A239-417A-B0A3-C2B9CDCC5BD2}.Debug|Any CPU.Build.0 = Debug|Any CPU
		{60E48B32-A239-417A-B0A3-C2B9CDCC5BD2}.Release|Any CPU.ActiveCfg = Release|Any CPU
		{60E48B32-A239-417A-B0A3-C2B9CDCC5BD2}.Release|Any CPU.Build.0 = Release|Any CPU
		{BE9C6E79-FAA3-44CE-BB90-0ECFE4115360}.Debug|Any CPU.ActiveCfg = Debug|Any CPU
		{BE9C6E79-FAA3-44CE-BB90-0ECFE4115360}.Debug|Any CPU.Build.0 = Debug|Any CPU
		{BE9C6E79-FAA3-44CE-BB90-0ECFE4115360}.Release|Any CPU.ActiveCfg = Release|Any CPU
		{BE9C6E79-FAA3-44CE-BB90-0ECFE4115360}.Release|Any CPU.Build.0 = Release|Any CPU
		{DFD4A741-611B-4CE9-8216-291E2BC27FF4}.Debug|Any CPU.ActiveCfg = Debug|Any CPU
		{DFD4A741-611B-4CE9-8216-291E2BC27FF4}.Debug|Any CPU.Build.0 = Debug|Any CPU
		{DFD4A741-611B-4CE9-8216-291E2BC27FF4}.Release|Any CPU.ActiveCfg = Release|Any CPU
		{DFD4A741-611B-4CE9-8216-291E2BC27FF4}.Release|Any CPU.Build.0 = Release|Any CPU
		{ABD8E2B0-E411-42F7-ADED-1E6BD77142D1}.Debug|Any CPU.ActiveCfg = Debug|Any CPU
		{ABD8E2B0-E411-42F7-ADED-1E6BD77142D1}.Debug|Any CPU.Build.0 = Debug|Any CPU
		{ABD8E2B0-E411-42F7-ADED-1E6BD77142D1}.Release|Any CPU.ActiveCfg = Release|Any CPU
		{ABD8E2B0-E411-42F7-ADED-1E6BD77142D1}.Release|Any CPU.Build.0 = Release|Any CPU
		{8492BBC1-BB14-4FE3-9FBA-CD9F86D40079}.Debug|Any CPU.ActiveCfg = Debug|Any CPU
		{8492BBC1-BB14-4FE3-9FBA-CD9F86D40079}.Debug|Any CPU.Build.0 = Debug|Any CPU
		{8492BBC1-BB14-4FE3-9FBA-CD9F86D40079}.Release|Any CPU.ActiveCfg = Release|Any CPU
		{8492BBC1-BB14-4FE3-9FBA-CD9F86D40079}.Release|Any CPU.Build.0 = Release|Any CPU
	EndGlobalSection
	GlobalSection(SolutionProperties) = preSolution
		HideSolutionNode = FALSE
	EndGlobalSection
	GlobalSection(NestedProjects) = preSolution
		{E051C796-DD31-41EE-AA3C-539DCC5E1109} = {CF03CF67-3220-4CFF-B595-8EA9367D15EF}
		{E7EBE905-BE1D-4EDD-9343-318AEF8AD4E2} = {CF03CF67-3220-4CFF-B595-8EA9367D15EF}
		{0492EF7A-073F-49DB-9FE3-7122C39EC083} = {A2921716-BF3F-4193-B547-1B14ED376BB7}
		{183E7448-3217-4EA2-9BDE-C4214FFB9BC2} = {A2921716-BF3F-4193-B547-1B14ED376BB7}
		{D43E56E7-9C25-4F22-83C7-8A2932231C9F} = {A2921716-BF3F-4193-B547-1B14ED376BB7}
		{2CCB83DD-0405-4FA2-9061-0B0F0A7257AC} = {A2921716-BF3F-4193-B547-1B14ED376BB7}
		{60E48B32-A239-417A-B0A3-C2B9CDCC5BD2} = {EE8955B8-4211-4490-AE86-CD6D0529D8CA}
		{BE9C6E79-FAA3-44CE-BB90-0ECFE4115360} = {4AAED2D6-E7C4-4122-9B3A-9CB6AFACB0E2}
		{DFD4A741-611B-4CE9-8216-291E2BC27FF4} = {4AAED2D6-E7C4-4122-9B3A-9CB6AFACB0E2}
		{ABD8E2B0-E411-42F7-ADED-1E6BD77142D1} = {4AAED2D6-E7C4-4122-9B3A-9CB6AFACB0E2}
		{8492BBC1-BB14-4FE3-9FBA-CD9F86D40079} = {EE8955B8-4211-4490-AE86-CD6D0529D8CA}
	EndGlobalSection
	GlobalSection(ExtensibilityGlobals) = postSolution
		SolutionGuid = {69886FEE-C035-4C98-A786-72B97FEDE7C4}
	EndGlobalSection
EndGlobal
